
Microsoft Visual Studio Solution File, Format Version 12.00
# Visual Studio Version 17
VisualStudioVersion = 17.14.36511.14
MinimumVisualStudioVersion = 10.0.40219.1
Project("{FAE04EC0-301F-11D3-BF4B-00C04F79EFBC}") = "Gateway.API", "src\Gateway\Gateway.API\Gateway.API.csproj", "{7C89CBA0-91C2-4627-9EF5-42CC63DCBFB3}"
EndProject
Project("{2150E333-8FDC-42A3-9474-1A3956D46DE8}") = "src", "src", "{02EA681E-C7D8-13C7-8484-4AC65E1B71E8}"
EndProject
Project("{2150E333-8FDC-42A3-9474-1A3956D46DE8}") = "Gateway", "Gateway", "{D9D78376-ACD5-4D95-825D-7220F4BF5E80}"
EndProject
Project("{2150E333-8FDC-42A3-9474-1A3956D46DE8}") = "Services", "Services", "{92F26A6C-38DE-44CF-84A4-C68C50A9D961}"
EndProject
Project("{2150E333-8FDC-42A3-9474-1A3956D46DE8}") = "Catalogs", "Catalogs", "{DA3AC0B1-190B-4742-9190-422E8FDB6AEF}"
EndProject
Project("{2150E333-8FDC-42A3-9474-1A3956D46DE8}") = "Solution Items", "Solution Items", "{6797CDF2-E2CE-4783-A143-39C383313E68}"
	ProjectSection(SolutionItems) = preProject
		.editorconfig = .editorconfig
		.github\workflows\dev_ci.yaml = .github\workflows\dev_ci.yaml
		Directory.Build.props = Directory.Build.props
		docker-compose.yml = docker-compose.yml
	EndProjectSection
EndProject
Project("{2150E333-8FDC-42A3-9474-1A3956D46DE8}") = "Common", "Common", "{E90F3BFD-3B7D-4835-AE88-AC74387BAE08}"
EndProject
Project("{FAE04EC0-301F-11D3-BF4B-00C04F79EFBC}") = "Services.Catalogs.Application", "src\Services\Catalogs\Services.Catalogs.Application\Services.Catalogs.Application.csproj", "{4431F7A9-E841-1835-20F6-523BD6DF007A}"
EndProject
Project("{FAE04EC0-301F-11D3-BF4B-00C04F79EFBC}") = "Services.Catalogs.Domain", "src\Services\Catalogs\Services.Catalogs.Domain\Services.Catalogs.Domain.csproj", "{F9EE6CD6-DEDB-7064-0251-72DCC914F8D2}"
EndProject
Project("{FAE04EC0-301F-11D3-BF4B-00C04F79EFBC}") = "Services.Catalogs.Infrastructure", "src\Services\Catalogs\Services.Catalogs.Infrastructure\Services.Catalogs.Infrastructure.csproj", "{B3E25E67-ED4C-E411-3E25-8D177A175D37}"
EndProject
Project("{FAE04EC0-301F-11D3-BF4B-00C04F79EFBC}") = "Services.Catalogs.Presentation", "src\Services\Catalogs\Services.Catalogs.Presentation\Services.Catalogs.Presentation.csproj", "{23464C06-8048-9B93-AEF9-3C0BA2A0757E}"
EndProject
Project("{2150E333-8FDC-42A3-9474-1A3956D46DE8}") = "Orders", "Orders", "{07E5B40D-9D90-4421-887C-DF29C8A3D0B8}"
EndProject
Project("{2150E333-8FDC-42A3-9474-1A3956D46DE8}") = "Baskets", "Baskets", "{1965CE0E-ECA2-4062-A2BD-2316EB9BD8C9}"
EndProject
Project("{2150E333-8FDC-42A3-9474-1A3956D46DE8}") = "Notifications", "Notifications", "{53E121E6-69C0-470E-9CE7-46BB3F6C95C9}"
EndProject
Project("{2150E333-8FDC-42A3-9474-1A3956D46DE8}") = "Search", "Search", "{15D28B8C-C3C7-41ED-AF72-19621F014462}"
EndProject
Project("{FAE04EC0-301F-11D3-BF4B-00C04F79EFBC}") = "Services.Search.Application", "src\Services\Search\Services.Search.Application\Services.Search.Application.csproj", "{6737888A-7DD4-0186-B088-F3872EAD168E}"
EndProject
Project("{FAE04EC0-301F-11D3-BF4B-00C04F79EFBC}") = "Services.Search.Domain", "src\Services\Search\Services.Search.Domain\Services.Search.Domain.csproj", "{5F2F6E61-DC51-30BA-7171-756BC9668583}"
EndProject
Project("{FAE04EC0-301F-11D3-BF4B-00C04F79EFBC}") = "Services.Search.Infrastructure", "src\Services\Search\Services.Search.Infrastructure\Services.Search.Infrastructure.csproj", "{0FACE635-9E1D-0F1F-00B0-F6830C9A88DB}"
EndProject
Project("{FAE04EC0-301F-11D3-BF4B-00C04F79EFBC}") = "Services.Search.Presentation", "src\Services\Search\Services.Search.Presentation\Services.Search.Presentation.csproj", "{81B8B188-574B-4635-8EDB-50A5CFD8A56F}"
EndProject
Project("{FAE04EC0-301F-11D3-BF4B-00C04F79EFBC}") = "Services.Orders.Presentation", "src\Services\Orders\Services.Orders.Presentation\Services.Orders.Presentation.csproj", "{9F4F9685-C380-4895-9773-6B7F0804D30A}"
EndProject
Project("{FAE04EC0-301F-11D3-BF4B-00C04F79EFBC}") = "Services.Orders.Infrastructure", "src\Services\Orders\Services.Orders.Infrastructure\Services.Orders.Infrastructure.csproj", "{CAF22F0F-F2E0-D79F-A9E7-0A77E9BEEA7C}"
EndProject
Project("{FAE04EC0-301F-11D3-BF4B-00C04F79EFBC}") = "Services.Orders.Domain", "src\Services\Orders\Services.Orders.Domain\Services.Orders.Domain.csproj", "{43A74033-2F46-CF16-E2AE-3A52266321C2}"
EndProject
Project("{FAE04EC0-301F-11D3-BF4B-00C04F79EFBC}") = "Services.Orders.Application", "src\Services\Orders\Services.Orders.Application\Services.Orders.Application.csproj", "{DF4476F3-3B4C-72DD-3256-BD75591CC757}"
EndProject
Project("{FAE04EC0-301F-11D3-BF4B-00C04F79EFBC}") = "Services.Notifications.Application", "src\Services\Notifications\Services.Notifications.Application\Services.Notifications.Application.csproj", "{36CFBF0F-2BCD-6476-F506-B7FF83321B0A}"
EndProject
Project("{FAE04EC0-301F-11D3-BF4B-00C04F79EFBC}") = "Services.Notifications.Domain", "src\Services\Notifications\Services.Notifications.Domain\Services.Notifications.Domain.csproj", "{F3F7FBAF-A1A8-FE02-90CC-0CD0AF03BFED}"
EndProject
Project("{FAE04EC0-301F-11D3-BF4B-00C04F79EFBC}") = "Services.Notifications.Presentation", "src\Services\Notifications\Services.Notifications.Presentation\Services.Notifications.Presentation.csproj", "{34BF9326-CB85-D274-2789-47BE2036C6F6}"
EndProject
Project("{FAE04EC0-301F-11D3-BF4B-00C04F79EFBC}") = "Services.Baskets.Presentation", "src\Services\Baskets\Services.Baskets.Presentation\Services.Baskets.Presentation.csproj", "{FAA27C73-52C8-E0AE-C403-32D6CD53E7A6}"
EndProject
Project("{FAE04EC0-301F-11D3-BF4B-00C04F79EFBC}") = "Services.Baskets.Infrastructure", "src\Services\Baskets\Services.Baskets.Infrastructure\Services.Baskets.Infrastructure.csproj", "{B60B38D2-4FB9-DE67-6CBF-7F0543A2DF7E}"
EndProject
Project("{FAE04EC0-301F-11D3-BF4B-00C04F79EFBC}") = "Services.Baskets.Application", "src\Services\Baskets\Services.Baskets.Application\Services.Baskets.Application.csproj", "{3D19C80F-F1A8-2A66-F408-9947E1F8B5C7}"
EndProject
Project("{FAE04EC0-301F-11D3-BF4B-00C04F79EFBC}") = "Common.Application", "src\Common\Common.Application\Common.Application.csproj", "{95B8ED66-B406-16A4-35DF-A2C54246EDDA}"
EndProject
Project("{FAE04EC0-301F-11D3-BF4B-00C04F79EFBC}") = "Common.Infrastructure", "src\Common\Common.Infrastructure\Common.Infrastructure.csproj", "{F0208DEE-77C0-CDB0-B7D9-B61F28F6B226}"
EndProject
Project("{FAE04EC0-301F-11D3-BF4B-00C04F79EFBC}") = "Common.Domain", "src\Common\Common.Domain\Common.Domain.csproj", "{5359B68A-8054-DE26-18AC-9DD5582FB110}"
EndProject
Project("{FAE04EC0-301F-11D3-BF4B-00C04F79EFBC}") = "Services.Notifications.Infrastructure", "src\Services\Notifications\Services.Notifications.Infrastructure\Services.Notifications.Infrastructure.csproj", "{4FBA0F4C-87E8-414E-B608-EA040B7F5DB5}"
EndProject
Project("{FAE04EC0-301F-11D3-BF4B-00C04F79EFBC}") = "Common.Presentation", "src\Common\Common.Presentations\Common.Presentation.csproj", "{6220C6E0-2F32-DF4C-313B-D4E222A5CA22}"
EndProject
Project("{FAE04EC0-301F-11D3-BF4B-00C04F79EFBC}") = "Services.Baskets.Domain", "src\Services\Baskets\Services.Baskets.Domain\Services.Baskets.Domain.csproj", "{7C1AED7B-840F-F33F-2B9F-F0EED5203986}"
EndProject
Project("{2150E333-8FDC-42A3-9474-1A3956D46DE8}") = "Payments", "Payments", "{2696DAC4-5B87-4689-8027-F301F5930833}"
EndProject
Project("{FAE04EC0-301F-11D3-BF4B-00C04F79EFBC}") = "Services.Payments.Application", "src\Services\Payments\Services.Payments.Application\Services.Payments.Application.csproj", "{F9915BB2-BCE8-4CF9-A920-42D0C5530589}"
EndProject
Project("{FAE04EC0-301F-11D3-BF4B-00C04F79EFBC}") = "Services.Payments.Infrastructure", "src\Services\Payments\Services.Payments.Infrastructure\Services.Payments.Infrastructure.csproj", "{BBD31DEA-C97A-4064-95E8-0E2657A77DAF}"
EndProject
Project("{FAE04EC0-301F-11D3-BF4B-00C04F79EFBC}") = "Services.Payments.Domain", "src\Services\Payments\Services.Payments.Domain\Services.Payments.Domain.csproj", "{DEB0BC4C-BC52-4ACF-91B3-AD01233E2DB4}"
EndProject
Project("{FAE04EC0-301F-11D3-BF4B-00C04F79EFBC}") = "Services.Payments.Presentation", "src\Services\Payments\Services.Payments.Presentation\Services.Payments.Presentation.csproj", "{218A64AC-B89D-4FA9-8FD5-D89C8C02BBF9}"
EndProject
Project("{2150E333-8FDC-42A3-9474-1A3956D46DE8}") = "Accounts", "Accounts", "{BA200808-EE60-406C-9D12-C5A06572380E}"
EndProject
Project("{FAE04EC0-301F-11D3-BF4B-00C04F79EFBC}") = "Services.Accounts.Domain", "src\Services\Accounts\Services.Accounts.Domain\Services.Accounts.Domain.csproj", "{A5BCE1C8-0E13-43F2-8AF1-B2FCD0814094}"
EndProject
Project("{FAE04EC0-301F-11D3-BF4B-00C04F79EFBC}") = "Services.Accounts.Application", "src\Services\Accounts\Services.Accounts.Application\Services.Accounts.Application.csproj", "{36FC1D5D-0DD9-4110-8E44-CFB847956DC4}"
EndProject
Project("{FAE04EC0-301F-11D3-BF4B-00C04F79EFBC}") = "Services.Accounts.Presentation", "src\Services\Accounts\Services.Accounts.Presentation\Services.Accounts.Presentation.csproj", "{595BDD1D-D594-4AB4-9825-8BD15CFB1D99}"
EndProject
Project("{FAE04EC0-301F-11D3-BF4B-00C04F79EFBC}") = "Services.Accounts.Infrastructure", "src\Services\Accounts\Services.Accounts.Infrastructure\Services.Accounts.Infrastructure.csproj", "{1F54266E-CBC2-CA6E-6D08-6FCE28DADA76}"
EndProject
Project("{FAE04EC0-301F-11D3-BF4B-00C04F79EFBC}") = "Services.Bundles.Application", "src\Services\Bundles\Services.Bundles.Application\Services.Bundles.Application.csproj", "{CF7AD4C3-5F9D-4F74-9202-43AE7809B3C3}"
EndProject
Project("{2150E333-8FDC-42A3-9474-1A3956D46DE8}") = "Bundles", "Bundles", "{F9D16D10-35EC-4885-A155-F9740E07CA09}"
EndProject
Project("{FAE04EC0-301F-11D3-BF4B-00C04F79EFBC}") = "Services.Bundles.Domain", "src\Services\Bundles\Services.Bundles.Domain\Services.Bundles.Domain.csproj", "{3D705167-2C45-47B2-82B9-99B3676175D9}"
EndProject
Project("{FAE04EC0-301F-11D3-BF4B-00C04F79EFBC}") = "Services.Bundles.Infrastructure", "src\Services\Bundles\Services.Bundles.Infrastructure\Services.Bundles.Infrastructure.csproj", "{9D93F231-E647-4DE6-854D-30DDF94D2E39}"
EndProject
Project("{FAE04EC0-301F-11D3-BF4B-00C04F79EFBC}") = "Services.Bundles.Presentation", "src\Services\Bundles\Services.Bundles.Presentation\Services.Bundles.Presentation.csproj", "{0EA3373C-A832-40F4-A498-C956FDBB756A}"
EndProject
Global
	GlobalSection(SolutionConfigurationPlatforms) = preSolution
		Debug|Any CPU = Debug|Any CPU
		Release|Any CPU = Release|Any CPU
	EndGlobalSection
	GlobalSection(ProjectConfigurationPlatforms) = postSolution
		{7C89CBA0-91C2-4627-9EF5-42CC63DCBFB3}.Debug|Any CPU.ActiveCfg = Debug|Any CPU
		{7C89CBA0-91C2-4627-9EF5-42CC63DCBFB3}.Debug|Any CPU.Build.0 = Debug|Any CPU
		{7C89CBA0-91C2-4627-9EF5-42CC63DCBFB3}.Release|Any CPU.ActiveCfg = Release|Any CPU
		{7C89CBA0-91C2-4627-9EF5-42CC63DCBFB3}.Release|Any CPU.Build.0 = Release|Any CPU
		{4431F7A9-E841-1835-20F6-523BD6DF007A}.Debug|Any CPU.ActiveCfg = Debug|Any CPU
		{4431F7A9-E841-1835-20F6-523BD6DF007A}.Debug|Any CPU.Build.0 = Debug|Any CPU
		{4431F7A9-E841-1835-20F6-523BD6DF007A}.Release|Any CPU.ActiveCfg = Release|Any CPU
		{4431F7A9-E841-1835-20F6-523BD6DF007A}.Release|Any CPU.Build.0 = Release|Any CPU
		{F9EE6CD6-DEDB-7064-0251-72DCC914F8D2}.Debug|Any CPU.ActiveCfg = Debug|Any CPU
		{F9EE6CD6-DEDB-7064-0251-72DCC914F8D2}.Debug|Any CPU.Build.0 = Debug|Any CPU
		{F9EE6CD6-DEDB-7064-0251-72DCC914F8D2}.Release|Any CPU.ActiveCfg = Release|Any CPU
		{F9EE6CD6-DEDB-7064-0251-72DCC914F8D2}.Release|Any CPU.Build.0 = Release|Any CPU
		{B3E25E67-ED4C-E411-3E25-8D177A175D37}.Debug|Any CPU.ActiveCfg = Debug|Any CPU
		{B3E25E67-ED4C-E411-3E25-8D177A175D37}.Debug|Any CPU.Build.0 = Debug|Any CPU
		{B3E25E67-ED4C-E411-3E25-8D177A175D37}.Release|Any CPU.ActiveCfg = Release|Any CPU
		{B3E25E67-ED4C-E411-3E25-8D177A175D37}.Release|Any CPU.Build.0 = Release|Any CPU
		{23464C06-8048-9B93-AEF9-3C0BA2A0757E}.Debug|Any CPU.ActiveCfg = Debug|Any CPU
		{23464C06-8048-9B93-AEF9-3C0BA2A0757E}.Debug|Any CPU.Build.0 = Debug|Any CPU
		{23464C06-8048-9B93-AEF9-3C0BA2A0757E}.Release|Any CPU.ActiveCfg = Release|Any CPU
		{23464C06-8048-9B93-AEF9-3C0BA2A0757E}.Release|Any CPU.Build.0 = Release|Any CPU
		{6737888A-7DD4-0186-B088-F3872EAD168E}.Debug|Any CPU.ActiveCfg = Debug|Any CPU
		{6737888A-7DD4-0186-B088-F3872EAD168E}.Debug|Any CPU.Build.0 = Debug|Any CPU
		{6737888A-7DD4-0186-B088-F3872EAD168E}.Release|Any CPU.ActiveCfg = Release|Any CPU
		{6737888A-7DD4-0186-B088-F3872EAD168E}.Release|Any CPU.Build.0 = Release|Any CPU
		{5F2F6E61-DC51-30BA-7171-756BC9668583}.Debug|Any CPU.ActiveCfg = Debug|Any CPU
		{5F2F6E61-DC51-30BA-7171-756BC9668583}.Debug|Any CPU.Build.0 = Debug|Any CPU
		{5F2F6E61-DC51-30BA-7171-756BC9668583}.Release|Any CPU.ActiveCfg = Release|Any CPU
		{5F2F6E61-DC51-30BA-7171-756BC9668583}.Release|Any CPU.Build.0 = Release|Any CPU
		{0FACE635-9E1D-0F1F-00B0-F6830C9A88DB}.Debug|Any CPU.ActiveCfg = Debug|Any CPU
		{0FACE635-9E1D-0F1F-00B0-F6830C9A88DB}.Debug|Any CPU.Build.0 = Debug|Any CPU
		{0FACE635-9E1D-0F1F-00B0-F6830C9A88DB}.Release|Any CPU.ActiveCfg = Release|Any CPU
		{0FACE635-9E1D-0F1F-00B0-F6830C9A88DB}.Release|Any CPU.Build.0 = Release|Any CPU
		{81B8B188-574B-4635-8EDB-50A5CFD8A56F}.Debug|Any CPU.ActiveCfg = Debug|Any CPU
		{81B8B188-574B-4635-8EDB-50A5CFD8A56F}.Debug|Any CPU.Build.0 = Debug|Any CPU
		{81B8B188-574B-4635-8EDB-50A5CFD8A56F}.Release|Any CPU.ActiveCfg = Release|Any CPU
		{81B8B188-574B-4635-8EDB-50A5CFD8A56F}.Release|Any CPU.Build.0 = Release|Any CPU
		{9F4F9685-C380-4895-9773-6B7F0804D30A}.Debug|Any CPU.ActiveCfg = Debug|Any CPU
		{9F4F9685-C380-4895-9773-6B7F0804D30A}.Debug|Any CPU.Build.0 = Debug|Any CPU
		{9F4F9685-C380-4895-9773-6B7F0804D30A}.Release|Any CPU.ActiveCfg = Release|Any CPU
		{9F4F9685-C380-4895-9773-6B7F0804D30A}.Release|Any CPU.Build.0 = Release|Any CPU
		{CAF22F0F-F2E0-D79F-A9E7-0A77E9BEEA7C}.Debug|Any CPU.ActiveCfg = Debug|Any CPU
		{CAF22F0F-F2E0-D79F-A9E7-0A77E9BEEA7C}.Debug|Any CPU.Build.0 = Debug|Any CPU
		{CAF22F0F-F2E0-D79F-A9E7-0A77E9BEEA7C}.Release|Any CPU.ActiveCfg = Release|Any CPU
		{CAF22F0F-F2E0-D79F-A9E7-0A77E9BEEA7C}.Release|Any CPU.Build.0 = Release|Any CPU
		{43A74033-2F46-CF16-E2AE-3A52266321C2}.Debug|Any CPU.ActiveCfg = Debug|Any CPU
		{43A74033-2F46-CF16-E2AE-3A52266321C2}.Debug|Any CPU.Build.0 = Debug|Any CPU
		{43A74033-2F46-CF16-E2AE-3A52266321C2}.Release|Any CPU.ActiveCfg = Release|Any CPU
		{43A74033-2F46-CF16-E2AE-3A52266321C2}.Release|Any CPU.Build.0 = Release|Any CPU
		{DF4476F3-3B4C-72DD-3256-BD75591CC757}.Debug|Any CPU.ActiveCfg = Debug|Any CPU
		{DF4476F3-3B4C-72DD-3256-BD75591CC757}.Debug|Any CPU.Build.0 = Debug|Any CPU
		{DF4476F3-3B4C-72DD-3256-BD75591CC757}.Release|Any CPU.ActiveCfg = Release|Any CPU
		{DF4476F3-3B4C-72DD-3256-BD75591CC757}.Release|Any CPU.Build.0 = Release|Any CPU
		{36CFBF0F-2BCD-6476-F506-B7FF83321B0A}.Debug|Any CPU.ActiveCfg = Debug|Any CPU
		{36CFBF0F-2BCD-6476-F506-B7FF83321B0A}.Debug|Any CPU.Build.0 = Debug|Any CPU
		{36CFBF0F-2BCD-6476-F506-B7FF83321B0A}.Release|Any CPU.ActiveCfg = Release|Any CPU
		{36CFBF0F-2BCD-6476-F506-B7FF83321B0A}.Release|Any CPU.Build.0 = Release|Any CPU
		{F3F7FBAF-A1A8-FE02-90CC-0CD0AF03BFED}.Debug|Any CPU.ActiveCfg = Debug|Any CPU
		{F3F7FBAF-A1A8-FE02-90CC-0CD0AF03BFED}.Debug|Any CPU.Build.0 = Debug|Any CPU
		{F3F7FBAF-A1A8-FE02-90CC-0CD0AF03BFED}.Release|Any CPU.ActiveCfg = Release|Any CPU
		{F3F7FBAF-A1A8-FE02-90CC-0CD0AF03BFED}.Release|Any CPU.Build.0 = Release|Any CPU
		{34BF9326-CB85-D274-2789-47BE2036C6F6}.Debug|Any CPU.ActiveCfg = Debug|Any CPU
		{34BF9326-CB85-D274-2789-47BE2036C6F6}.Debug|Any CPU.Build.0 = Debug|Any CPU
		{34BF9326-CB85-D274-2789-47BE2036C6F6}.Release|Any CPU.ActiveCfg = Release|Any CPU
		{34BF9326-CB85-D274-2789-47BE2036C6F6}.Release|Any CPU.Build.0 = Release|Any CPU
		{FAA27C73-52C8-E0AE-C403-32D6CD53E7A6}.Debug|Any CPU.ActiveCfg = Debug|Any CPU
		{FAA27C73-52C8-E0AE-C403-32D6CD53E7A6}.Debug|Any CPU.Build.0 = Debug|Any CPU
		{FAA27C73-52C8-E0AE-C403-32D6CD53E7A6}.Release|Any CPU.ActiveCfg = Release|Any CPU
		{FAA27C73-52C8-E0AE-C403-32D6CD53E7A6}.Release|Any CPU.Build.0 = Release|Any CPU
		{B60B38D2-4FB9-DE67-6CBF-7F0543A2DF7E}.Debug|Any CPU.ActiveCfg = Debug|Any CPU
		{B60B38D2-4FB9-DE67-6CBF-7F0543A2DF7E}.Debug|Any CPU.Build.0 = Debug|Any CPU
		{B60B38D2-4FB9-DE67-6CBF-7F0543A2DF7E}.Release|Any CPU.ActiveCfg = Release|Any CPU
		{B60B38D2-4FB9-DE67-6CBF-7F0543A2DF7E}.Release|Any CPU.Build.0 = Release|Any CPU
		{3D19C80F-F1A8-2A66-F408-9947E1F8B5C7}.Debug|Any CPU.ActiveCfg = Debug|Any CPU
		{3D19C80F-F1A8-2A66-F408-9947E1F8B5C7}.Debug|Any CPU.Build.0 = Debug|Any CPU
		{3D19C80F-F1A8-2A66-F408-9947E1F8B5C7}.Release|Any CPU.ActiveCfg = Release|Any CPU
		{3D19C80F-F1A8-2A66-F408-9947E1F8B5C7}.Release|Any CPU.Build.0 = Release|Any CPU
		{95B8ED66-B406-16A4-35DF-A2C54246EDDA}.Debug|Any CPU.ActiveCfg = Debug|Any CPU
		{95B8ED66-B406-16A4-35DF-A2C54246EDDA}.Debug|Any CPU.Build.0 = Debug|Any CPU
		{95B8ED66-B406-16A4-35DF-A2C54246EDDA}.Release|Any CPU.ActiveCfg = Release|Any CPU
		{95B8ED66-B406-16A4-35DF-A2C54246EDDA}.Release|Any CPU.Build.0 = Release|Any CPU
		{F0208DEE-77C0-CDB0-B7D9-B61F28F6B226}.Debug|Any CPU.ActiveCfg = Debug|Any CPU
		{F0208DEE-77C0-CDB0-B7D9-B61F28F6B226}.Debug|Any CPU.Build.0 = Debug|Any CPU
		{F0208DEE-77C0-CDB0-B7D9-B61F28F6B226}.Release|Any CPU.ActiveCfg = Release|Any CPU
		{F0208DEE-77C0-CDB0-B7D9-B61F28F6B226}.Release|Any CPU.Build.0 = Release|Any CPU
		{5359B68A-8054-DE26-18AC-9DD5582FB110}.Debug|Any CPU.ActiveCfg = Debug|Any CPU
		{5359B68A-8054-DE26-18AC-9DD5582FB110}.Debug|Any CPU.Build.0 = Debug|Any CPU
		{5359B68A-8054-DE26-18AC-9DD5582FB110}.Release|Any CPU.ActiveCfg = Release|Any CPU
		{5359B68A-8054-DE26-18AC-9DD5582FB110}.Release|Any CPU.Build.0 = Release|Any CPU
		{4FBA0F4C-87E8-414E-B608-EA040B7F5DB5}.Debug|Any CPU.ActiveCfg = Debug|Any CPU
		{4FBA0F4C-87E8-414E-B608-EA040B7F5DB5}.Debug|Any CPU.Build.0 = Debug|Any CPU
		{4FBA0F4C-87E8-414E-B608-EA040B7F5DB5}.Release|Any CPU.ActiveCfg = Release|Any CPU
		{4FBA0F4C-87E8-414E-B608-EA040B7F5DB5}.Release|Any CPU.Build.0 = Release|Any CPU
		{6220C6E0-2F32-DF4C-313B-D4E222A5CA22}.Debug|Any CPU.ActiveCfg = Debug|Any CPU
		{6220C6E0-2F32-DF4C-313B-D4E222A5CA22}.Debug|Any CPU.Build.0 = Debug|Any CPU
		{6220C6E0-2F32-DF4C-313B-D4E222A5CA22}.Release|Any CPU.ActiveCfg = Release|Any CPU
		{6220C6E0-2F32-DF4C-313B-D4E222A5CA22}.Release|Any CPU.Build.0 = Release|Any CPU
		{7C1AED7B-840F-F33F-2B9F-F0EED5203986}.Debug|Any CPU.ActiveCfg = Debug|Any CPU
		{7C1AED7B-840F-F33F-2B9F-F0EED5203986}.Debug|Any CPU.Build.0 = Debug|Any CPU
		{7C1AED7B-840F-F33F-2B9F-F0EED5203986}.Release|Any CPU.ActiveCfg = Release|Any CPU
		{7C1AED7B-840F-F33F-2B9F-F0EED5203986}.Release|Any CPU.Build.0 = Release|Any CPU
		{F9915BB2-BCE8-4CF9-A920-42D0C5530589}.Debug|Any CPU.ActiveCfg = Debug|Any CPU
		{F9915BB2-BCE8-4CF9-A920-42D0C5530589}.Debug|Any CPU.Build.0 = Debug|Any CPU
		{F9915BB2-BCE8-4CF9-A920-42D0C5530589}.Release|Any CPU.ActiveCfg = Release|Any CPU
		{F9915BB2-BCE8-4CF9-A920-42D0C5530589}.Release|Any CPU.Build.0 = Release|Any CPU
		{BBD31DEA-C97A-4064-95E8-0E2657A77DAF}.Debug|Any CPU.ActiveCfg = Debug|Any CPU
		{BBD31DEA-C97A-4064-95E8-0E2657A77DAF}.Debug|Any CPU.Build.0 = Debug|Any CPU
		{BBD31DEA-C97A-4064-95E8-0E2657A77DAF}.Release|Any CPU.ActiveCfg = Release|Any CPU
		{BBD31DEA-C97A-4064-95E8-0E2657A77DAF}.Release|Any CPU.Build.0 = Release|Any CPU
		{DEB0BC4C-BC52-4ACF-91B3-AD01233E2DB4}.Debug|Any CPU.ActiveCfg = Debug|Any CPU
		{DEB0BC4C-BC52-4ACF-91B3-AD01233E2DB4}.Debug|Any CPU.Build.0 = Debug|Any CPU
		{DEB0BC4C-BC52-4ACF-91B3-AD01233E2DB4}.Release|Any CPU.ActiveCfg = Release|Any CPU
		{DEB0BC4C-BC52-4ACF-91B3-AD01233E2DB4}.Release|Any CPU.Build.0 = Release|Any CPU
		{218A64AC-B89D-4FA9-8FD5-D89C8C02BBF9}.Debug|Any CPU.ActiveCfg = Debug|Any CPU
		{218A64AC-B89D-4FA9-8FD5-D89C8C02BBF9}.Debug|Any CPU.Build.0 = Debug|Any CPU
		{218A64AC-B89D-4FA9-8FD5-D89C8C02BBF9}.Release|Any CPU.ActiveCfg = Release|Any CPU
		{218A64AC-B89D-4FA9-8FD5-D89C8C02BBF9}.Release|Any CPU.Build.0 = Release|Any CPU
		{A5BCE1C8-0E13-43F2-8AF1-B2FCD0814094}.Debug|Any CPU.ActiveCfg = Debug|Any CPU
		{A5BCE1C8-0E13-43F2-8AF1-B2FCD0814094}.Debug|Any CPU.Build.0 = Debug|Any CPU
		{A5BCE1C8-0E13-43F2-8AF1-B2FCD0814094}.Release|Any CPU.ActiveCfg = Release|Any CPU
		{A5BCE1C8-0E13-43F2-8AF1-B2FCD0814094}.Release|Any CPU.Build.0 = Release|Any CPU
		{36FC1D5D-0DD9-4110-8E44-CFB847956DC4}.Debug|Any CPU.ActiveCfg = Debug|Any CPU
		{36FC1D5D-0DD9-4110-8E44-CFB847956DC4}.Debug|Any CPU.Build.0 = Debug|Any CPU
		{36FC1D5D-0DD9-4110-8E44-CFB847956DC4}.Release|Any CPU.ActiveCfg = Release|Any CPU
		{36FC1D5D-0DD9-4110-8E44-CFB847956DC4}.Release|Any CPU.Build.0 = Release|Any CPU
		{595BDD1D-D594-4AB4-9825-8BD15CFB1D99}.Debug|Any CPU.ActiveCfg = Debug|Any CPU
		{595BDD1D-D594-4AB4-9825-8BD15CFB1D99}.Debug|Any CPU.Build.0 = Debug|Any CPU
		{595BDD1D-D594-4AB4-9825-8BD15CFB1D99}.Release|Any CPU.ActiveCfg = Release|Any CPU
		{595BDD1D-D594-4AB4-9825-8BD15CFB1D99}.Release|Any CPU.Build.0 = Release|Any CPU
		{1F54266E-CBC2-CA6E-6D08-6FCE28DADA76}.Debug|Any CPU.ActiveCfg = Debug|Any CPU
		{1F54266E-CBC2-CA6E-6D08-6FCE28DADA76}.Debug|Any CPU.Build.0 = Debug|Any CPU
		{1F54266E-CBC2-CA6E-6D08-6FCE28DADA76}.Release|Any CPU.ActiveCfg = Release|Any CPU
		{1F54266E-CBC2-CA6E-6D08-6FCE28DADA76}.Release|Any CPU.Build.0 = Release|Any CPU
		{CF7AD4C3-5F9D-4F74-9202-43AE7809B3C3}.Debug|Any CPU.ActiveCfg = Debug|Any CPU
		{CF7AD4C3-5F9D-4F74-9202-43AE7809B3C3}.Debug|Any CPU.Build.0 = Debug|Any CPU
		{CF7AD4C3-5F9D-4F74-9202-43AE7809B3C3}.Release|Any CPU.ActiveCfg = Release|Any CPU
		{CF7AD4C3-5F9D-4F74-9202-43AE7809B3C3}.Release|Any CPU.Build.0 = Release|Any CPU
		{3D705167-2C45-47B2-82B9-99B3676175D9}.Debug|Any CPU.ActiveCfg = Debug|Any CPU
		{3D705167-2C45-47B2-82B9-99B3676175D9}.Debug|Any CPU.Build.0 = Debug|Any CPU
		{3D705167-2C45-47B2-82B9-99B3676175D9}.Release|Any CPU.ActiveCfg = Release|Any CPU
		{3D705167-2C45-47B2-82B9-99B3676175D9}.Release|Any CPU.Build.0 = Release|Any CPU
		{9D93F231-E647-4DE6-854D-30DDF94D2E39}.Debug|Any CPU.ActiveCfg = Debug|Any CPU
		{9D93F231-E647-4DE6-854D-30DDF94D2E39}.Debug|Any CPU.Build.0 = Debug|Any CPU
		{9D93F231-E647-4DE6-854D-30DDF94D2E39}.Release|Any CPU.ActiveCfg = Release|Any CPU
		{9D93F231-E647-4DE6-854D-30DDF94D2E39}.Release|Any CPU.Build.0 = Release|Any CPU
		{0EA3373C-A832-40F4-A498-C956FDBB756A}.Debug|Any CPU.ActiveCfg = Debug|Any CPU
		{0EA3373C-A832-40F4-A498-C956FDBB756A}.Debug|Any CPU.Build.0 = Debug|Any CPU
		{0EA3373C-A832-40F4-A498-C956FDBB756A}.Release|Any CPU.ActiveCfg = Release|Any CPU
		{0EA3373C-A832-40F4-A498-C956FDBB756A}.Release|Any CPU.Build.0 = Release|Any CPU
	EndGlobalSection
	GlobalSection(SolutionProperties) = preSolution
		HideSolutionNode = FALSE
	EndGlobalSection
	GlobalSection(NestedProjects) = preSolution
		{7C89CBA0-91C2-4627-9EF5-42CC63DCBFB3} = {D9D78376-ACD5-4D95-825D-7220F4BF5E80}
		{D9D78376-ACD5-4D95-825D-7220F4BF5E80} = {02EA681E-C7D8-13C7-8484-4AC65E1B71E8}
		{92F26A6C-38DE-44CF-84A4-C68C50A9D961} = {02EA681E-C7D8-13C7-8484-4AC65E1B71E8}
		{DA3AC0B1-190B-4742-9190-422E8FDB6AEF} = {92F26A6C-38DE-44CF-84A4-C68C50A9D961}
		{E90F3BFD-3B7D-4835-AE88-AC74387BAE08} = {02EA681E-C7D8-13C7-8484-4AC65E1B71E8}
		{4431F7A9-E841-1835-20F6-523BD6DF007A} = {DA3AC0B1-190B-4742-9190-422E8FDB6AEF}
		{F9EE6CD6-DEDB-7064-0251-72DCC914F8D2} = {DA3AC0B1-190B-4742-9190-422E8FDB6AEF}
		{B3E25E67-ED4C-E411-3E25-8D177A175D37} = {DA3AC0B1-190B-4742-9190-422E8FDB6AEF}
		{23464C06-8048-9B93-AEF9-3C0BA2A0757E} = {DA3AC0B1-190B-4742-9190-422E8FDB6AEF}
		{07E5B40D-9D90-4421-887C-DF29C8A3D0B8} = {92F26A6C-38DE-44CF-84A4-C68C50A9D961}
		{1965CE0E-ECA2-4062-A2BD-2316EB9BD8C9} = {92F26A6C-38DE-44CF-84A4-C68C50A9D961}
		{53E121E6-69C0-470E-9CE7-46BB3F6C95C9} = {92F26A6C-38DE-44CF-84A4-C68C50A9D961}
		{15D28B8C-C3C7-41ED-AF72-19621F014462} = {92F26A6C-38DE-44CF-84A4-C68C50A9D961}
		{6737888A-7DD4-0186-B088-F3872EAD168E} = {15D28B8C-C3C7-41ED-AF72-19621F014462}
		{5F2F6E61-DC51-30BA-7171-756BC9668583} = {15D28B8C-C3C7-41ED-AF72-19621F014462}
		{0FACE635-9E1D-0F1F-00B0-F6830C9A88DB} = {15D28B8C-C3C7-41ED-AF72-19621F014462}
		{81B8B188-574B-4635-8EDB-50A5CFD8A56F} = {15D28B8C-C3C7-41ED-AF72-19621F014462}
		{9F4F9685-C380-4895-9773-6B7F0804D30A} = {07E5B40D-9D90-4421-887C-DF29C8A3D0B8}
		{CAF22F0F-F2E0-D79F-A9E7-0A77E9BEEA7C} = {07E5B40D-9D90-4421-887C-DF29C8A3D0B8}
		{43A74033-2F46-CF16-E2AE-3A52266321C2} = {07E5B40D-9D90-4421-887C-DF29C8A3D0B8}
		{DF4476F3-3B4C-72DD-3256-BD75591CC757} = {07E5B40D-9D90-4421-887C-DF29C8A3D0B8}
		{36CFBF0F-2BCD-6476-F506-B7FF83321B0A} = {53E121E6-69C0-470E-9CE7-46BB3F6C95C9}
		{F3F7FBAF-A1A8-FE02-90CC-0CD0AF03BFED} = {53E121E6-69C0-470E-9CE7-46BB3F6C95C9}
		{34BF9326-CB85-D274-2789-47BE2036C6F6} = {53E121E6-69C0-470E-9CE7-46BB3F6C95C9}
		{FAA27C73-52C8-E0AE-C403-32D6CD53E7A6} = {1965CE0E-ECA2-4062-A2BD-2316EB9BD8C9}
		{B60B38D2-4FB9-DE67-6CBF-7F0543A2DF7E} = {1965CE0E-ECA2-4062-A2BD-2316EB9BD8C9}
		{3D19C80F-F1A8-2A66-F408-9947E1F8B5C7} = {1965CE0E-ECA2-4062-A2BD-2316EB9BD8C9}
		{95B8ED66-B406-16A4-35DF-A2C54246EDDA} = {E90F3BFD-3B7D-4835-AE88-AC74387BAE08}
		{F0208DEE-77C0-CDB0-B7D9-B61F28F6B226} = {E90F3BFD-3B7D-4835-AE88-AC74387BAE08}
		{5359B68A-8054-DE26-18AC-9DD5582FB110} = {E90F3BFD-3B7D-4835-AE88-AC74387BAE08}
		{4FBA0F4C-87E8-414E-B608-EA040B7F5DB5} = {53E121E6-69C0-470E-9CE7-46BB3F6C95C9}
		{6220C6E0-2F32-DF4C-313B-D4E222A5CA22} = {E90F3BFD-3B7D-4835-AE88-AC74387BAE08}
		{7C1AED7B-840F-F33F-2B9F-F0EED5203986} = {1965CE0E-ECA2-4062-A2BD-2316EB9BD8C9}
		{2696DAC4-5B87-4689-8027-F301F5930833} = {92F26A6C-38DE-44CF-84A4-C68C50A9D961}
		{F9915BB2-BCE8-4CF9-A920-42D0C5530589} = {2696DAC4-5B87-4689-8027-F301F5930833}
		{BBD31DEA-C97A-4064-95E8-0E2657A77DAF} = {2696DAC4-5B87-4689-8027-F301F5930833}
		{DEB0BC4C-BC52-4ACF-91B3-AD01233E2DB4} = {2696DAC4-5B87-4689-8027-F301F5930833}
		{218A64AC-B89D-4FA9-8FD5-D89C8C02BBF9} = {2696DAC4-5B87-4689-8027-F301F5930833}
		{BA200808-EE60-406C-9D12-C5A06572380E} = {92F26A6C-38DE-44CF-84A4-C68C50A9D961}
		{A5BCE1C8-0E13-43F2-8AF1-B2FCD0814094} = {BA200808-EE60-406C-9D12-C5A06572380E}
		{36FC1D5D-0DD9-4110-8E44-CFB847956DC4} = {BA200808-EE60-406C-9D12-C5A06572380E}
		{595BDD1D-D594-4AB4-9825-8BD15CFB1D99} = {BA200808-EE60-406C-9D12-C5A06572380E}
		{1F54266E-CBC2-CA6E-6D08-6FCE28DADA76} = {BA200808-EE60-406C-9D12-C5A06572380E}
		{CF7AD4C3-5F9D-4F74-9202-43AE7809B3C3} = {F9D16D10-35EC-4885-A155-F9740E07CA09}
		{F9D16D10-35EC-4885-A155-F9740E07CA09} = {92F26A6C-38DE-44CF-84A4-C68C50A9D961}
		{3D705167-2C45-47B2-82B9-99B3676175D9} = {F9D16D10-35EC-4885-A155-F9740E07CA09}
		{9D93F231-E647-4DE6-854D-30DDF94D2E39} = {F9D16D10-35EC-4885-A155-F9740E07CA09}
		{0EA3373C-A832-40F4-A498-C956FDBB756A} = {F9D16D10-35EC-4885-A155-F9740E07CA09}
	EndGlobalSection
	GlobalSection(ExtensibilityGlobals) = postSolution
		SolutionGuid = {5A007A27-1BAD-4294-ABCC-64EDF2A3DAEA}
	EndGlobalSection
EndGlobal
